git.sr.ht/~jackmordaunt/go-toast/v2 v2.0.3 h1:N3IGoHHp9pb6mj1cbXbuaSXV/UMKwmbKLf53nQmtqMA=
git.sr.ht/~jackmordaunt/go-toast/v2 v2.0.3/go.mod h1:QtOLZGz8olr4qH2vWK0QH0w0O4T9fEIjMuWpKUsH7nc=
github.com/Microsoft/go-winio v0.6.2 h1:F2VQgta7ecxGYO8k3ZZz3RS8fVIXVxONVUPlNERoyfY=
github.com/Microsoft/go-winio v0.6.2/go.mod h1:yd8OoFMLzJbo9gZq8j5qaps8bJ9aShtEA8Ipt1oGCvU=
github.com/adrg/xdg v0.5.3 h1:xRnxJXne7+oWDatRhR1JLnvuccuIeCoBu2rtuLqQB78=
github.com/adrg/xdg v0.5.3/go.mod h1:nlTsY+NNiCBGCK2tpm09vRqfVzrc2fLmXGpBLF0zlTQ=
github.com/aymanbagabas/go-pty v0.2.3 h1:hsqcTIUV8I4iTSh3HQl61CR2wh0YPS6gHOYLhAfWu/E=
github.com/aymanbagabas/go-pty v0.2.3/go.mod h1:GLkgQovzqN5A1xMB79yHWiG1rhcquZCjkwKQGKFPdPg=
github.com/bmatcuk/doublestar/v4 v4.10.0 h1:zU9WiOla1YA122oLM6i4EXvGW62DvKZVxIe6TYWexEs=
github.com/bmatcuk/doublestar/v4 v4.10.0/go.mod h1:xBQ8jztBU6kakFMg+8WGxn0c6z1fTSPVIjEY1Wr7jzc=
github.com/coder/websocket v1.8.14 h1:9L0p0iKiNOibykf283eHkKUHHrpG7f65OE3BhhO7v9g=
github.com/coder/websocket v1.8.14/go.mod h1:NX3SzP+inril6yawo5CQXx8+fk145lPDC6pumgx0mVg=
github.com/creack/pty v1.1.24 h1:bJrF4RRfyJnbTJqzRLHzcGaZK1NeM5kTC9jGgovnR1s=
github.com/creack/pty v1.1.24/go.mod h1:08sCNb52WyoAwi2QDyzUCTgcvVFhUzewun7wtTfvcwE=
github.com/davecgh/go-spew v1.1.1 h1:vj9j/u1bqnvCEfJOwUhtlOARqs3+rkHYY13jYWTU97c=
github.com/davecgh/go-spew v1.1.1/go.mod h1:J7Y8YcW2NihsgmVo/mv3lAwl/skON4iLHjSsI+c5H38=
github.com/go-json-experiment/json v0.0.0-20251027170946-4849db3c2f7e h1:Lf/gRkoycfOBPa42vU2bbgPurFong6zXeFtPoxholzU=
github.com/go-json-experiment/json v0.0.0-20251027170946-4849db3c2f7e/go.mod h1:uNVvRXArCGbZ508SxYYTC5v1JWoz2voff5pm25jU1Ok=
github.com/go-ole/go-ole v1.3.0 h1:Dt6ye7+vXGIKZ7Xtk4s6/xVdGDQynvom7xCFEdWr6uE=
github.com/go-ole/go-ole v1.3.0/go.mod h1:5LS6F96DhAwUc7C+1HLexzMXY1xGRSryjyPPKW6zv78=
github.com/godbus/dbus/v5 v5.2.2 h1:TUR3TgtSVDmjiXOgAAyaZbYmIeP3DPkld3jgKGV8mXQ=
github.com/godbus/dbus/v5 v5.2.2/go.mod h1:3AAv2+hPq5rdnr5txxxRwiGjPXamgoIHgz9FPBfOp3c=
github.com/google/go-cmp v0.7.0 h1:wk8382ETsv4JYUZwIsn6YpYiWiBsYLSJiTsyBybVuN8=
github.com/google/go-cmp v0.7.0/go.mod h1:pXiqmnSA92OHEEa9HXL2W4E7lf9JzCmGVUdgjX3N/iU=
github.com/gorilla/websocket v1.5.3 h1:saDtZ6Pbx/0u+bgYQ3q96pZgCzfhKXGPqt7kZ72aNNg=
github.com/gorilla/websocket v1.5.3/go.mod h1:YR8l580nyteQvAITg2hZ9XVh4b55+EU/adAjf1fMHhE=
github.com/hugelgupf/vmtest v0.0.0-20240307030256-5d9f3d34a58d h1:nP8SfQJqruIVSWYJTuYc37jLHEY1Z0fF+zKSrs3K/C8=
github.com/hugelgupf/vmtest v0.0.0-20240307030256-5d9f3d34a58d/go.mod h1:B63hDJMhTupLWCHwopAyEo7wRFowx9kOc8m8j1sfOqE=
github.com/jchv/go-winloader v0.0.0-20250406163304-c1995be93bd1 h1:njuLRcjAuMKr7kI3D85AXWkw6/+v9PwtV6M6o11sWHQ=
github.com/jchv/go-winloader v0.0.0-20250406163304-c1995be93bd1/go.mod h1:alcuEEnZsY1WQsagKhZDsoPCRoOijYqhZvPwLG0kzVs=
github.com/kevinburke/ssh_config v1.6.0 h1:J1FBfmuVosPHf5GRdltRLhPJtJpTlMdKTBjRgTaQBFY=
github.com/kevinburke/ssh_config v1.6.0/go.mod h1:q2RIzfka+BXARoNexmF9gkxEX7DmvbW9P4hIVx2Kg4M=
github.com/kr/fs v0.1.0 h1:Jskdu9ieNAYnjxsi0LbQp1ulIKZV1LAFgK1tWhpZgl8=
github.com/kr/fs v0.1.0/go.mod h1:FFnZGqtBN9Gxj7eW1uZ42v5BccTP0vu6NEaFoC2HwRg=
github.com/matryer/is v1.4.1 h1:55ehd8zaGABKLXQUe2awZ99BD/PTc2ls+KV/dXphgEQ=
github.com/matryer/is v1.4.1/go.mod h1:8I/i5uYgLzgsgEloJE1U6xx5HkBQpAZvepWuujKwMRU=
github.com/mattn/go-colorable v0.1.14 h1:9A9LHSqF/7dyVVX6g0U9cwm9pG3kP9gSzcuIPHPsaIE=
github.com/mattn/go-colorable v0.1.14/go.mod h1:6LmQG8QLFO4G5z1gPvYEzlUgJ2wF+stgPZH1UqBm1s8=
github.com/mattn/go-isatty v0.0.20 h1:xfD0iDuEKnDkl03q4limB+vH+GxLEtL/jb4xVJSWWEY=
github.com/mattn/go-isatty v0.0.20/go.mod h1:W+V8PltTTMOvKvAeJH7IuucS94S2C6jfK/D7dTCTo3Y=
github.com/natefinch/atomic v1.0.1 h1:ZPYKxkqQOx3KZ+RsbnP/YsgvxWQPGxjC0oBt2AhwV0A=
github.com/natefinch/atomic v1.0.1/go.mod h1:N/D/ELrljoqDyT3rZrsUmtsuzvHkeB/wWjHV22AZRbM=
github.com/pkg/sftp v1.13.11 h1:0N92SLTB8JqASJB14ZLHHzFnBV8mG9zw4K7jghEFWuE=
github.com/pkg/sftp v1.13.11/go.mod h1:uNkH9roSXglNJqM+glJJi+TQXQUm0fXFWqCFmT8hsN0=
github.com/pmezard/go-difflib v1.0.0 h1:4DBwDE0NGyQoBHbLQYPwSUPoCMWR5BEzIk/f1lZbAQM=
github.com/pmezard/go-difflib v1.0.0/go.mod h1:iKH77koFhYxTK1pcRnkKkqfTogsbg7gZNVY4sRDYZ/4=
github.com/stretchr/testify v1.11.1 h1:7s2iGBzp5EwR7/aIZr8ao5+dra3wiQyKjjFuvgVKu7U=
github.com/stretchr/testify v1.11.1/go.mod h1:wZwfW3scLgRK+23gO65QZefKpKQRnfz6sD981Nm4B6U=
github.com/u-root/gobusybox/src v0.0.0-20250101170133-2e884e4509c7 h1:dtiVT4SeBUc/vHtwI2HjDZN+FCKTstQBxugIxJEGo9g=
github.com/u-root/gobusybox/src v0.0.0-20250101170133-2e884e4509c7/go.mod h1:PW3wGFCHjdHxAhra5FKvcARbCGqGfentYuPKmuhv8DY=
github.com/u-root/u-root v0.16.0 h1:wY40O83MBVks97+Is0WlFlOPSwKQMIrWP9R1IsrExg8=
github.com/u-root/u-root v0.16.0/go.mod h1:yL/XdSSW27PdGLgUh4MNRBy54mKM+TBLzpwiB4nwj90=
github.com/wailsapp/go-webview2 v1.0.19 h1:7U3QcDj1PrBPaxJNCui2k1SkWml+Q5kvFUFyTImA6NU=
github.com/wailsapp/go-webview2 v1.0.19/go.mod h1:qJmWAmAmaniuKGZPWwne+uor3AHMB5PFhqiK0Bbj8kc=
github.com/wailsapp/wails/v3 v3.0.0-beta.16 h1:ud3YMzTbPPae4EP3Wls4qBVsESZwwAkEny1P/zzw6Tk=
github.com/wailsapp/wails/v3 v3.0.0-beta.16/go.mod h1:zKZYhB3WjrN5LhJWbnOAVMN0Xf8qTozbw2nf5micKl4=
golang.org/x/crypto v0.54.0 h1:YLIA59K4fiNzHzjnZt2tUJQjQtUWfWbeHBqKtk3eScw=
golang.org/x/crypto v0.54.0/go.mod h1:KWL8ny2AZdGR2cWmzeHrp2azQPGogOv+HeQaVEXC2dk=
golang.org/x/image v0.41.0 h1:8wS72eGJMJaBxK6okTzd4WaXumUlTVlb753MlsSvTCo=
golang.org/x/image v0.41.0/go.mod h1:uIc348UZMSvS5Z65CVZ7iDPaNobNFEPeJ4kbqTOszmA=
golang.org/x/mod v0.37.0 h1:vF1DjpVEshcIqoEaauuHebaLk1O1forxjxBaVn884JQ=
golang.org/x/mod v0.37.0/go.mod h1:m8S8VeM9r4dzDwjrKO0a1sZP3YjeMamRRlD+fmR2Q/0=
golang.org/x/sync v0.21.0 h1:HLII4xRRTtCRkxYp4HNFF0Js/Og6q2i++KXbg0gHCwM=
golang.org/x/sync v0.21.0/go.mod h1:9xrNwdLfx4jkKbNva9FpL6vEN7evnE43NNNJQ2LF3+0=
golang.org/x/sys v0.0.0-20200810151505-1b9f1253b3ed/go.mod h1:h1NjWce9XRLGQEsW7wpKNCjG9DtNlClVuFLEZdDNbEs=
golang.org/x/sys v0.1.0/go.mod h1:oPkhp1MJrh7nUepCBck5+mAzfO9JrbApNNgaTdGDITg=
golang.org/x/sys v0.6.0/go.mod h1:oPkhp1MJrh7nUepCBck5+mAzfO9JrbApNNgaTdGDITg=
golang.org/x/sys v0.47.0 h1:o7XGOvZQCADBQQ4Y7VNq2dRWQR7JmOUW8Kxx4ZsNgWs=
golang.org/x/sys v0.47.0/go.mod h1:4GL1E5IUh+htKOUEOaiffhrAeqysfVGipDYzABqnCmw=
golang.org/x/term v0.45.0 h1:NwWyBmoJCbfTHpxrWoZ9C6/VxOf7ic219I8xZZFdrf0=
golang.org/x/term v0.45.0/go.mod h1:9aqxs0blBcrm/n0L9QW0aRVD+ktan8ssZromtqJC43w=
golang.org/x/tools v0.47.0 h1:7Kn5x/d1svx/PzryTsqeoZN4TZwqeH5pGWjefhLi/1Q=
golang.org/x/tools v0.47.0/go.mod h1:dFHnyTvFWY212G+h7ZY4Vsp/K3U4/7W9TyVaAul8uCA=
gopkg.in/yaml.v3 v3.0.1 h1:fxVm/GzAzEWqLHuvctI91KS9hhNmmWOoWu0XTYJS7CA=
gopkg.in/yaml.v3 v3.0.1/go.mod h1:K4uyk7z7BCEPqu6E+C64Yfv1cQ7kz7rIZviUmN+EgEM=
